# This file is automatically @generated by Cargo.
# It is not intended for manual editing.
[[package]]
name = "libc"
version = "0.2.56"
source = "git+https://github.com/rust-wii/libc.git?branch=wii#172289d8db97f950f22b4d42598f056e70759a18"

[[package]]
name = "mllib-sys"
version = "0.1.0"
source = "git+https://github.com/rust-wii/mllib-sys.git#31b99ad9f7f7164a18236f6667d21b9e742c5d31"
dependencies = [
 "libc 0.2.56 (git+https://github.com/rust-wii/libc.git?branch=wii)",
]

[[package]]
name = "rust-wii"
version = "0.1.0"
dependencies = [
 "libc 0.2.56 (git+https://github.com/rust-wii/libc.git?branch=wii)",
 "mllib-sys 0.1.0 (git+https://github.com/rust-wii/mllib-sys.git)",
]

[metadata]
"checksum libc 0.2.56 (git+https://github.com/rust-wii/libc.git?branch=wii)" = "<none>"
"checksum mllib-sys 0.1.0 (git+https://github.com/rust-wii/mllib-sys.git)" = "<none>"
