# This file is automatically @generated by Cargo.
# It is not intended for manual editing.
[[package]]
name = "autocfg"
version = "1.0.0"
source = "registry+https://github.com/rust-lang/crates.io-index"
checksum = "f8aac770f1885fd7e387acedd76065302551364496e46b3dd00860b2f8359b9d"

[[package]]
name = "bitflags"
version = "1.2.1"
source = "registry+https://github.com/rust-lang/crates.io-index"
checksum = "cf1de2fe8c75bc145a2f577add951f8134889b4795d47466a54a5c846d691693"

[[package]]
name = "enum_primitive"
version = "0.1.1"
source = "git+https://github.com/FrictionlessPortals/enum_primitive-rs.git#a069484e4292ab5b9e5fe899368f5b7b2903e454"
dependencies = [
 "num-traits",
]

[[package]]
name = "libc"
version = "0.2.61"
source = "git+https://github.com/rust-wii/libc.git?branch=wii#9eeda009186d9f8fe70a7031e471b34f8c3734e8"

[[package]]
name = "num-traits"
version = "0.2.12"
source = "registry+https://github.com/rust-lang/crates.io-index"
checksum = "ac267bcc07f48ee5f8935ab0d24f316fb722d7a1292e2913f0cc196b29ffd611"
dependencies = [
 "autocfg",
]

[[package]]
name = "ogc-rs"
version = "0.7.0"
source = "git+https://github.com/rust-wii/ogc-rs.git#aa7896126edb73750b171aecb16554c77bdfbcfa"
dependencies = [
 "bitflags",
 "enum_primitive",
 "ogc-sys",
]

[[package]]
name = "ogc-sys"
version = "0.3.0"
source = "git+https://github.com/rust-wii/ogc-rs.git#aa7896126edb73750b171aecb16554c77bdfbcfa"
dependencies = [
 "libc",
]

[[package]]
name = "rust-wii"
version = "0.1.0"
dependencies = [
 "ogc-rs",
]
